
Microsoft Visual Studio Solution File, Format Version 12.00
Project("{2150E333-8FDC-42A3-9474-1A3956D46DE8}") = "src", "src", "{15E57569-0E94-4216-BB1C-91BD4D18895D}"
EndProject
Project("{2150E333-8FDC-42A3-9474-1A3956D46DE8}") = "Backend", "Backend", "{C9F86BBC-1B35-4B91-9F7A-30B498B7CBB7}"
EndProject
Project("{FAE04EC0-301F-11D3-BF4B-00C04F79EFBC}") = "MarkBartha.HarvestDemo.OrchardCore.Web", "src\Backend\MarkBartha.HarvestDemo.OrchardCore.Web\MarkBartha.HarvestDemo.OrchardCore.Web.csproj", "{3E95E476-E909-4BC1-A885-3383C6AFBE6D}"
EndProject
Project("{2150E333-8FDC-42A3-9474-1A3956D46DE8}") = "Shared", "Shared", "{3EF60394-9268-4824-B3DD-3AED70AB25C7}"
EndProject
Project("{FAE04EC0-301F-11D3-BF4B-00C04F79EFBC}") = "MarkBartha.HarvestDemo.Assets", "src\Shared\MarkBartha.HarvestDemo.Assets\MarkBartha.HarvestDemo.Assets.csproj", "{591F2D14-9FBD-4C91-AFE3-45E8F9A564AE}"
EndProject
Project("{2150E333-8FDC-42A3-9474-1A3956D46DE8}") = "Solution Items", "Solution Items", "{22ECDA54-A2D5-4503-B99F-18E2004E0BF3}"
	ProjectSection(SolutionItems) = preProject
		.config\dotnet-tools.json = .config\dotnet-tools.json
		AGENTS.md = AGENTS.md
		.gitignore = .gitignore
		Reset-Local.ps1 = Reset-Local.ps1
		Directory.Build.props = Directory.Build.props
		.dockerignore = .dockerignore
		Dockerfile = Dockerfile
		fly.toml = fly.toml
		README.md = README.md
	EndProjectSection
EndProject
Project("{2150E333-8FDC-42A3-9474-1A3956D46DE8}") = "Frontend", "Frontend", "{A18C8B58-D417-48BC-BB6F-E63C264EB584}"
EndProject
Project("{FAE04EC0-301F-11D3-BF4B-00C04F79EFBC}") = "MarkBartha.HarvestDemo.App.Maui", "src\Frontend\MarkBartha.HarvestDemo.App.Maui\MarkBartha.HarvestDemo.App.Maui.csproj", "{F1D08D69-D72A-4A98-BE8A-2B287FC039BF}"
EndProject
Project("{FAE04EC0-301F-11D3-BF4B-00C04F79EFBC}") = "MarkBartha.HarvestDemo.Domain", "src\Shared\MarkBartha.HarvestDemo.Domain\MarkBartha.HarvestDemo.Domain.csproj", "{DD568F37-B97E-46E8-891F-B5CCB6659945}"
EndProject
Project("{2150E333-8FDC-42A3-9474-1A3956D46DE8}") = "Modules", "Modules", "{0A6D1BD9-754C-403F-B6E6-E38A1B3991C6}"
EndProject
Project("{2150E333-8FDC-42A3-9474-1A3956D46DE8}") = "Themes", "Themes", "{17301957-8064-4610-B579-3BD178FF1F20}"
EndProject
Project("{FAE04EC0-301F-11D3-BF4B-00C04F79EFBC}") = "MarkBartha.HarvestDemo.OrchardCore.ToDos", "src\Backend\Modules\MarkBartha.HarvestDemo.OrchardCore.ToDos\MarkBartha.HarvestDemo.OrchardCore.ToDos.csproj", "{DC7A3284-3CE9-4FDD-989A-904AFD1417C4}"
EndProject
Project("{FAE04EC0-301F-11D3-BF4B-00C04F79EFBC}") = "MarkBartha.HarvestDemo.OrchardCore.Theme", "src\Backend\Themes\MarkBartha.HarvestDemo.OrchardCore.Theme\MarkBartha.HarvestDemo.OrchardCore.Theme.csproj", "{409D00F2-9412-4C9F-91EC-9414B2EC6C56}"
EndProject
Global
	GlobalSection(SolutionConfigurationPlatforms) = preSolution
		Debug|Any CPU = Debug|Any CPU
		Release|Any CPU = Release|Any CPU
	EndGlobalSection
	GlobalSection(NestedProjects) = preSolution
		{C9F86BBC-1B35-4B91-9F7A-30B498B7CBB7} = {15E57569-0E94-4216-BB1C-91BD4D18895D}
		{3E95E476-E909-4BC1-A885-3383C6AFBE6D} = {C9F86BBC-1B35-4B91-9F7A-30B498B7CBB7}
		{3EF60394-9268-4824-B3DD-3AED70AB25C7} = {15E57569-0E94-4216-BB1C-91BD4D18895D}
		{591F2D14-9FBD-4C91-AFE3-45E8F9A564AE} = {3EF60394-9268-4824-B3DD-3AED70AB25C7}
		{A18C8B58-D417-48BC-BB6F-E63C264EB584} = {15E57569-0E94-4216-BB1C-91BD4D18895D}
		{F1D08D69-D72A-4A98-BE8A-2B287FC039BF} = {A18C8B58-D417-48BC-BB6F-E63C264EB584}
		{DD568F37-B97E-46E8-891F-B5CCB6659945} = {3EF60394-9268-4824-B3DD-3AED70AB25C7}
		{0A6D1BD9-754C-403F-B6E6-E38A1B3991C6} = {C9F86BBC-1B35-4B91-9F7A-30B498B7CBB7}
		{17301957-8064-4610-B579-3BD178FF1F20} = {C9F86BBC-1B35-4B91-9F7A-30B498B7CBB7}
		{DC7A3284-3CE9-4FDD-989A-904AFD1417C4} = {0A6D1BD9-754C-403F-B6E6-E38A1B3991C6}
		{409D00F2-9412-4C9F-91EC-9414B2EC6C56} = {17301957-8064-4610-B579-3BD178FF1F20}
	EndGlobalSection
	GlobalSection(ProjectConfigurationPlatforms) = postSolution
		{3E95E476-E909-4BC1-A885-3383C6AFBE6D}.Debug|Any CPU.ActiveCfg = Debug|Any CPU
		{3E95E476-E909-4BC1-A885-3383C6AFBE6D}.Debug|Any CPU.Build.0 = Debug|Any CPU
		{3E95E476-E909-4BC1-A885-3383C6AFBE6D}.Release|Any CPU.ActiveCfg = Release|Any CPU
		{3E95E476-E909-4BC1-A885-3383C6AFBE6D}.Release|Any CPU.Build.0 = Release|Any CPU
		{591F2D14-9FBD-4C91-AFE3-45E8F9A564AE}.Debug|Any CPU.ActiveCfg = Debug|Any CPU
		{591F2D14-9FBD-4C91-AFE3-45E8F9A564AE}.Debug|Any CPU.Build.0 = Debug|Any CPU
		{591F2D14-9FBD-4C91-AFE3-45E8F9A564AE}.Release|Any CPU.ActiveCfg = Release|Any CPU
		{591F2D14-9FBD-4C91-AFE3-45E8F9A564AE}.Release|Any CPU.Build.0 = Release|Any CPU
		{F1D08D69-D72A-4A98-BE8A-2B287FC039BF}.Debug|Any CPU.ActiveCfg = Debug|Any CPU
		{F1D08D69-D72A-4A98-BE8A-2B287FC039BF}.Debug|Any CPU.Build.0 = Debug|Any CPU
		{F1D08D69-D72A-4A98-BE8A-2B287FC039BF}.Release|Any CPU.ActiveCfg = Release|Any CPU
		{F1D08D69-D72A-4A98-BE8A-2B287FC039BF}.Release|Any CPU.Build.0 = Release|Any CPU
		{DD568F37-B97E-46E8-891F-B5CCB6659945}.Debug|Any CPU.ActiveCfg = Debug|Any CPU
		{DD568F37-B97E-46E8-891F-B5CCB6659945}.Debug|Any CPU.Build.0 = Debug|Any CPU
		{DD568F37-B97E-46E8-891F-B5CCB6659945}.Release|Any CPU.ActiveCfg = Release|Any CPU
		{DD568F37-B97E-46E8-891F-B5CCB6659945}.Release|Any CPU.Build.0 = Release|Any CPU
		{DC7A3284-3CE9-4FDD-989A-904AFD1417C4}.Debug|Any CPU.ActiveCfg = Debug|Any CPU
		{DC7A3284-3CE9-4FDD-989A-904AFD1417C4}.Debug|Any CPU.Build.0 = Debug|Any CPU
		{DC7A3284-3CE9-4FDD-989A-904AFD1417C4}.Release|Any CPU.ActiveCfg = Release|Any CPU
		{DC7A3284-3CE9-4FDD-989A-904AFD1417C4}.Release|Any CPU.Build.0 = Release|Any CPU
		{409D00F2-9412-4C9F-91EC-9414B2EC6C56}.Debug|Any CPU.ActiveCfg = Debug|Any CPU
		{409D00F2-9412-4C9F-91EC-9414B2EC6C56}.Debug|Any CPU.Build.0 = Debug|Any CPU
		{409D00F2-9412-4C9F-91EC-9414B2EC6C56}.Release|Any CPU.ActiveCfg = Release|Any CPU
		{409D00F2-9412-4C9F-91EC-9414B2EC6C56}.Release|Any CPU.Build.0 = Release|Any CPU
	EndGlobalSection
EndGlobal
